
Microsoft Visual Studio Solution File, Format Version 12.00
# Visual Studio Version 17
VisualStudioVersion = 17.9.34723.18
MinimumVisualStudioVersion = 10.0.40219.1
Project("{FAE04EC0-301F-11D3-BF4B-00C04F79EFBC}") = "Employee_Management", "Employee_Management\Employee_Management.csproj", "{F272673B-4644-4EA2-94C7-48C4E7245ACF}"
EndProject
Project("{FAE04EC0-301F-11D3-BF4B-00C04F79EFBC}") = "Employee_Management.Tests", "Employee_Management.Tests\Employee_Management.Tests.csproj", "{A7F2D4BA-CB41-4BD5-900A-3075958A400A}"
EndProject
Global
	GlobalSection(SolutionConfigurationPlatforms) = preSolution
		Debug|Any CPU = Debug|Any CPU
		Release|Any CPU = Release|Any CPU
	EndGlobalSection
	GlobalSection(ProjectConfigurationPlatforms) = postSolution
		{F272673B-4644-4EA2-94C7-48C4E7245ACF}.Debug|Any CPU.ActiveCfg = Debug|Any CPU
		{F272673B-4644-4EA2-94C7-48C4E7245ACF}.Debug|Any CPU.Build.0 = Debug|Any CPU
		{F272673B-4644-4EA2-94C7-48C4E7245ACF}.Release|Any CPU.ActiveCfg = Release|Any CPU
		{F272673B-4644-4EA2-94C7-48C4E7245ACF}.Release|Any CPU.Build.0 = Release|Any CPU
		{A7F2D4BA-CB41-4BD5-900A-3075958A400A}.Debug|Any CPU.ActiveCfg = Debug|Any CPU
		{A7F2D4BA-CB41-4BD5-900A-3075958A400A}.Debug|Any CPU.Build.0 = Debug|Any CPU
		{A7F2D4BA-CB41-4BD5-900A-3075958A400A}.Release|Any CPU.ActiveCfg = Release|Any CPU
		{A7F2D4BA-CB41-4BD5-900A-3075958A400A}.Release|Any CPU.Build.0 = Release|Any CPU
	EndGlobalSection
	GlobalSection(SolutionProperties) = preSolution
		HideSolutionNode = FALSE
	EndGlobalSection
	GlobalSection(ExtensibilityGlobals) = postSolution
		SolutionGuid = {CB37A7E0-3333-4ED7-A223-4916D5C8A7DD}
	EndGlobalSection
EndGlobal
